
Microsoft Visual Studio Solution File, Format Version 12.00
# Visual Studio Version 17
VisualStudioVersion = 17.0.32112.339
MinimumVisualStudioVersion = 10.0.40219.1
Project("{FAE04EC0-301F-11D3-BF4B-00C04F79EFBC}") = "TrackingDEMO", "TrackingDEMO\TrackingDEMO.csproj", "{FDFD04B3-E934-4E72-9CC7-05A652978EFA}"
EndProject
Global
	GlobalSection(SolutionConfigurationPlatforms) = preSolution
		Debug|Any CPU = Debug|Any CPU
		Release|Any CPU = Release|Any CPU
	EndGlobalSection
	GlobalSection(ProjectConfigurationPlatforms) = postSolution
		{FDFD04B3-E934-4E72-9CC7-05A652978EFA}.Debug|Any CPU.ActiveCfg = Debug|Any CPU
		{FDFD04B3-E934-4E72-9CC7-05A652978EFA}.Debug|Any CPU.Build.0 = Debug|Any CPU
		{FDFD04B3-E934-4E72-9CC7-05A652978EFA}.Release|Any CPU.ActiveCfg = Release|Any CPU
		{FDFD04B3-E934-4E72-9CC7-05A652978EFA}.Release|Any CPU.Build.0 = Release|Any CPU
	EndGlobalSection
	GlobalSection(SolutionProperties) = preSolution
		HideSolutionNode = FALSE
	EndGlobalSection
	GlobalSection(ExtensibilityGlobals) = postSolution
		SolutionGuid = {23612B7D-8AF9-423A-ACA9-54370978AD06}
	EndGlobalSection
EndGlobal
